
Microsoft Visual Studio Solution File, Format Version 12.00
# Visual Studio Version 16
VisualStudioVersion = 16.0.29519.87
MinimumVisualStudioVersion = 10.0.40219.1
Project("{888888A0-9F3D-457C-B088-3A5042F75D52}") = "RANSAC", "RANSAC\RANSAC.pyproj", "{388ABDA0-050E-4126-B664-F46C318C1ECC}"
EndProject
Project("{2150E333-8FDC-42A3-9474-1A3956D46DE8}") = "Solution Items", "Solution Items", "{C909B817-737C-4747-A234-AA7B38A5B7F2}"
	ProjectSection(SolutionItems) = preProject
		.gitignore = .gitignore
		Readme.md = Readme.md
	EndProjectSection
EndProject
Project("{888888A0-9F3D-457C-B088-3A5042F75D52}") = "Common", "Common\Common.pyproj", "{EA8337D1-4146-41E9-8F34-35A4B13EECE4}"
EndProject
Global
	GlobalSection(SolutionConfigurationPlatforms) = preSolution
		Debug|Any CPU = Debug|Any CPU
		Release|Any CPU = Release|Any CPU
	EndGlobalSection
	GlobalSection(ProjectConfigurationPlatforms) = postSolution
		{388ABDA0-050E-4126-B664-F46C318C1ECC}.Debug|Any CPU.ActiveCfg = Debug|Any CPU
		{388ABDA0-050E-4126-B664-F46C318C1ECC}.Release|Any CPU.ActiveCfg = Release|Any CPU
		{EA8337D1-4146-41E9-8F34-35A4B13EECE4}.Debug|Any CPU.ActiveCfg = Debug|Any CPU
		{EA8337D1-4146-41E9-8F34-35A4B13EECE4}.Release|Any CPU.ActiveCfg = Release|Any CPU
	EndGlobalSection
	GlobalSection(SolutionProperties) = preSolution
		HideSolutionNode = FALSE
	EndGlobalSection
	GlobalSection(ExtensibilityGlobals) = postSolution
		SolutionGuid = {F17E66D8-D5B1-4D49-8A20-3454499DDB5E}
	EndGlobalSection
EndGlobal
